
Microsoft Visual Studio Solution File, Format Version 12.00
Project("{FAE04EC0-301F-11D3-BF4B-00C04F79EFBC}") = "WEBAPP", "WEBAPP\WEBAPP.csproj", "{D7C3321D-CF19-4CF1-9B9D-E4D6EA6B224F}"
EndProject
Project("{FAE04EC0-301F-11D3-BF4B-00C04F79EFBC}") = "Test", "Test\Test.csproj", "{EE090251-D0E5-43F2-86A8-106D101AB574}"
EndProject
Project("{FAE04EC0-301F-11D3-BF4B-00C04F79EFBC}") = "BLL", "BLL\BLL.csproj", "{E38318F6-CAD2-482E-AB5F-E2250A057FFC}"
EndProject
Project("{FAE04EC0-301F-11D3-BF4B-00C04F79EFBC}") = "DAL", "DAL\DAL.csproj", "{624258E6-B00F-40C7-B74C-F50098A69F35}"
EndProject
Project("{FAE04EC0-301F-11D3-BF4B-00C04F79EFBC}") = "MODEL", "MODEL\MODEL.csproj", "{6B8BF009-49A0-4DB3-AA96-C2C157831D0A}"
EndProject
Project("{FAE04EC0-301F-11D3-BF4B-00C04F79EFBC}") = "UTILS", "UTILS\UTILS.csproj", "{DD8CF2C1-8728-419B-9A68-993FDB03D257}"
EndProject
Global
	GlobalSection(SolutionConfigurationPlatforms) = preSolution
		Debug|Any CPU = Debug|Any CPU
		Release|Any CPU = Release|Any CPU
	EndGlobalSection
	GlobalSection(ProjectConfigurationPlatforms) = postSolution
		{D7C3321D-CF19-4CF1-9B9D-E4D6EA6B224F}.Debug|Any CPU.ActiveCfg = Debug|Any CPU
		{D7C3321D-CF19-4CF1-9B9D-E4D6EA6B224F}.Debug|Any CPU.Build.0 = Debug|Any CPU
		{D7C3321D-CF19-4CF1-9B9D-E4D6EA6B224F}.Release|Any CPU.ActiveCfg = Release|Any CPU
		{D7C3321D-CF19-4CF1-9B9D-E4D6EA6B224F}.Release|Any CPU.Build.0 = Release|Any CPU
		{EE090251-D0E5-43F2-86A8-106D101AB574}.Debug|Any CPU.ActiveCfg = Debug|Any CPU
		{EE090251-D0E5-43F2-86A8-106D101AB574}.Debug|Any CPU.Build.0 = Debug|Any CPU
		{EE090251-D0E5-43F2-86A8-106D101AB574}.Release|Any CPU.ActiveCfg = Release|Any CPU
		{EE090251-D0E5-43F2-86A8-106D101AB574}.Release|Any CPU.Build.0 = Release|Any CPU
		{E38318F6-CAD2-482E-AB5F-E2250A057FFC}.Debug|Any CPU.ActiveCfg = Debug|Any CPU
		{E38318F6-CAD2-482E-AB5F-E2250A057FFC}.Debug|Any CPU.Build.0 = Debug|Any CPU
		{E38318F6-CAD2-482E-AB5F-E2250A057FFC}.Release|Any CPU.ActiveCfg = Release|Any CPU
		{E38318F6-CAD2-482E-AB5F-E2250A057FFC}.Release|Any CPU.Build.0 = Release|Any CPU
		{624258E6-B00F-40C7-B74C-F50098A69F35}.Debug|Any CPU.ActiveCfg = Debug|Any CPU
		{624258E6-B00F-40C7-B74C-F50098A69F35}.Debug|Any CPU.Build.0 = Debug|Any CPU
		{624258E6-B00F-40C7-B74C-F50098A69F35}.Release|Any CPU.ActiveCfg = Release|Any CPU
		{624258E6-B00F-40C7-B74C-F50098A69F35}.Release|Any CPU.Build.0 = Release|Any CPU
		{6B8BF009-49A0-4DB3-AA96-C2C157831D0A}.Debug|Any CPU.ActiveCfg = Debug|Any CPU
		{6B8BF009-49A0-4DB3-AA96-C2C157831D0A}.Debug|Any CPU.Build.0 = Debug|Any CPU
		{6B8BF009-49A0-4DB3-AA96-C2C157831D0A}.Release|Any CPU.ActiveCfg = Release|Any CPU
		{6B8BF009-49A0-4DB3-AA96-C2C157831D0A}.Release|Any CPU.Build.0 = Release|Any CPU
		{DD8CF2C1-8728-419B-9A68-993FDB03D257}.Debug|Any CPU.ActiveCfg = Debug|Any CPU
		{DD8CF2C1-8728-419B-9A68-993FDB03D257}.Debug|Any CPU.Build.0 = Debug|Any CPU
		{DD8CF2C1-8728-419B-9A68-993FDB03D257}.Release|Any CPU.ActiveCfg = Release|Any CPU
		{DD8CF2C1-8728-419B-9A68-993FDB03D257}.Release|Any CPU.Build.0 = Release|Any CPU
	EndGlobalSection
EndGlobal
