
Microsoft Visual Studio Solution File, Format Version 12.00
Project("{FAE04EC0-301F-11D3-BF4B-00C04F79EFBC}") = "WebApplication_Vy", "WebApplication_Vy\WebApplication_Vy.csproj", "{D7C3321D-CF19-4CF1-9B9D-E4D6EA6B224F}"
EndProject
Global
	GlobalSection(SolutionConfigurationPlatforms) = preSolution
		Debug|Any CPU = Debug|Any CPU
		Release|Any CPU = Release|Any CPU
	EndGlobalSection
	GlobalSection(ProjectConfigurationPlatforms) = postSolution
		{D7C3321D-CF19-4CF1-9B9D-E4D6EA6B224F}.Debug|Any CPU.ActiveCfg = Debug|Any CPU
		{D7C3321D-CF19-4CF1-9B9D-E4D6EA6B224F}.Debug|Any CPU.Build.0 = Debug|Any CPU
		{D7C3321D-CF19-4CF1-9B9D-E4D6EA6B224F}.Release|Any CPU.ActiveCfg = Release|Any CPU
		{D7C3321D-CF19-4CF1-9B9D-E4D6EA6B224F}.Release|Any CPU.Build.0 = Release|Any CPU
	EndGlobalSection
EndGlobal
